
Microsoft Visual Studio Solution File, Format Version 12.00
# Visual Studio 14
VisualStudioVersion = 14.0.25420.1
MinimumVisualStudioVersion = 10.0.40219.1
Project("{FAE04EC0-301F-11D3-BF4B-00C04F79EFBC}") = "App1", "App1\App1\App1.csproj", "{0F9358DA-F219-4AE8-B89C-111E55E293FB}"
EndProject
Project("{FAE04EC0-301F-11D3-BF4B-00C04F79EFBC}") = "App1.Droid", "App1\App1.Droid\App1.Droid.csproj", "{E9753BD5-26B5-4CEC-93FA-2E6DC898779E}"
EndProject
Project("{FAE04EC0-301F-11D3-BF4B-00C04F79EFBC}") = "App1.iOS", "App1\App1.iOS\App1.iOS.csproj", "{99D20365-2A2E-40AA-91AC-6697E7A263BC}"
EndProject
Project("{FAE04EC0-301F-11D3-BF4B-00C04F79EFBC}") = "App1.WinPhone", "App1\App1.WinPhone\App1.WinPhone.csproj", "{3C4B32F6-1E12-421E-BA60-8A9FCE6D15B3}"
EndProject
Project("{FAE04EC0-301F-11D3-BF4B-00C04F79EFBC}") = "App1.UWP", "App1\App1.UWP\App1.UWP.csproj", "{D4F41ADE-521F-4E2E-8BBC-1C169667BC14}"
EndProject
Project("{FAE04EC0-301F-11D3-BF4B-00C04F79EFBC}") = "App1.Windows", "App1\App1.Windows\App1.Windows.csproj", "{0D5707C4-9F12-424D-B490-66C80C734C4D}"
EndProject
Global
	GlobalSection(SolutionConfigurationPlatforms) = preSolution
		Ad-Hoc|Any CPU = Ad-Hoc|Any CPU
		Ad-Hoc|ARM = Ad-Hoc|ARM
		Ad-Hoc|iPhone = Ad-Hoc|iPhone
		Ad-Hoc|iPhoneSimulator = Ad-Hoc|iPhoneSimulator
		Ad-Hoc|x64 = Ad-Hoc|x64
		Ad-Hoc|x86 = Ad-Hoc|x86
		AppStore|Any CPU = AppStore|Any CPU
		AppStore|ARM = AppStore|ARM
		AppStore|iPhone = AppStore|iPhone
		AppStore|iPhoneSimulator = AppStore|iPhoneSimulator
		AppStore|x64 = AppStore|x64
		AppStore|x86 = AppStore|x86
		Debug|Any CPU = Debug|Any CPU
		Debug|ARM = Debug|ARM
		Debug|iPhone = Debug|iPhone
		Debug|iPhoneSimulator = Debug|iPhoneSimulator
		Debug|x64 = Debug|x64
		Debug|x86 = Debug|x86
		Release|Any CPU = Release|Any CPU
		Release|ARM = Release|ARM
		Release|iPhone = Release|iPhone
		Release|iPhoneSimulator = Release|iPhoneSimulator
		Release|x64 = Release|x64
		Release|x86 = Release|x86
	EndGlobalSection
	GlobalSection(ProjectConfigurationPlatforms) = postSolution
		{0F9358DA-F219-4AE8-B89C-111E55E293FB}.Ad-Hoc|Any CPU.ActiveCfg = Release|Any CPU
		{0F9358DA-F219-4AE8-B89C-111E55E293FB}.Ad-Hoc|Any CPU.Build.0 = Release|Any CPU
		{0F9358DA-F219-4AE8-B89C-111E55E293FB}.Ad-Hoc|ARM.ActiveCfg = Release|Any CPU
		{0F9358DA-F219-4AE8-B89C-111E55E293FB}.Ad-Hoc|ARM.Build.0 = Release|Any CPU
		{0F9358DA-F219-4AE8-B89C-111E55E293FB}.Ad-Hoc|iPhone.ActiveCfg = Release|Any CPU
		{0F9358DA-F219-4AE8-B89C-111E55E293FB}.Ad-Hoc|iPhone.Build.0 = Release|Any CPU
		{0F9358DA-F219-4AE8-B89C-111E55E293FB}.Ad-Hoc|iPhoneSimulator.ActiveCfg = Release|Any CPU
		{0F9358DA-F219-4AE8-B89C-111E55E293FB}.Ad-Hoc|iPhoneSimulator.Build.0 = Release|Any CPU
		{0F9358DA-F219-4AE8-B89C-111E55E293FB}.Ad-Hoc|x64.ActiveCfg = Release|Any CPU
		{0F9358DA-F219-4AE8-B89C-111E55E293FB}.Ad-Hoc|x64.Build.0 = Release|Any CPU
		{0F9358DA-F219-4AE8-B89C-111E55E293FB}.Ad-Hoc|x86.ActiveCfg = Release|Any CPU
		{0F9358DA-F219-4AE8-B89C-111E55E293FB}.Ad-Hoc|x86.Build.0 = Release|Any CPU
		{0F9358DA-F219-4AE8-B89C-111E55E293FB}.AppStore|Any CPU.ActiveCfg = Release|Any CPU
		{0F9358DA-F219-4AE8-B89C-111E55E293FB}.AppStore|Any CPU.Build.0 = Release|Any CPU
		{0F9358DA-F219-4AE8-B89C-111E55E293FB}.AppStore|ARM.ActiveCfg = Release|Any CPU
		{0F9358DA-F219-4AE8-B89C-111E55E293FB}.AppStore|ARM.Build.0 = Release|Any CPU
		{0F9358DA-F219-4AE8-B89C-111E55E293FB}.AppStore|iPhone.ActiveCfg = Release|Any CPU
		{0F9358DA-F219-4AE8-B89C-111E55E293FB}.AppStore|iPhone.Build.0 = Release|Any CPU
		{0F9358DA-F219-4AE8-B89C-111E55E293FB}.AppStore|iPhoneSimulator.ActiveCfg = Release|Any CPU
		{0F9358DA-F219-4AE8-B89C-111E55E293FB}.AppStore|iPhoneSimulator.Build.0 = Release|Any CPU
		{0F9358DA-F219-4AE8-B89C-111E55E293FB}.AppStore|x64.ActiveCfg = Release|Any CPU
		{0F9358DA-F219-4AE8-B89C-111E55E293FB}.AppStore|x64.Build.0 = Release|Any CPU
		{0F9358DA-F219-4AE8-B89C-111E55E293FB}.AppStore|x86.ActiveCfg = Release|Any CPU
		{0F9358DA-F219-4AE8-B89C-111E55E293FB}.AppStore|x86.Build.0 = Release|Any CPU
		{0F9358DA-F219-4AE8-B89C-111E55E293FB}.Debug|Any CPU.ActiveCfg = Debug|Any CPU
		{0F9358DA-F219-4AE8-B89C-111E55E293FB}.Debug|Any CPU.Build.0 = Debug|Any CPU
		{0F9358DA-F219-4AE8-B89C-111E55E293FB}.Debug|ARM.ActiveCfg = Debug|Any CPU
		{0F9358DA-F219-4AE8-B89C-111E55E293FB}.Debug|ARM.Build.0 = Debug|Any CPU
		{0F9358DA-F219-4AE8-B89C-111E55E293FB}.Debug|iPhone.ActiveCfg = Debug|Any CPU
		{0F9358DA-F219-4AE8-B89C-111E55E293FB}.Debug|iPhone.Build.0 = Debug|Any CPU
		{0F9358DA-F219-4AE8-B89C-111E55E293FB}.Debug|iPhoneSimulator.ActiveCfg = Debug|Any CPU
		{0F9358DA-F219-4AE8-B89C-111E55E293FB}.Debug|iPhoneSimulator.Build.0 = Debug|Any CPU
		{0F9358DA-F219-4AE8-B89C-111E55E293FB}.Debug|x64.ActiveCfg = Debug|Any CPU
		{0F9358DA-F219-4AE8-B89C-111E55E293FB}.Debug|x64.Build.0 = Debug|Any CPU
		{0F9358DA-F219-4AE8-B89C-111E55E293FB}.Debug|x86.ActiveCfg = Debug|Any CPU
		{0F9358DA-F219-4AE8-B89C-111E55E293FB}.Debug|x86.Build.0 = Debug|Any CPU
		{0F9358DA-F219-4AE8-B89C-111E55E293FB}.Release|Any CPU.ActiveCfg = Release|Any CPU
		{0F9358DA-F219-4AE8-B89C-111E55E293FB}.Release|Any CPU.Build.0 = Release|Any CPU
		{0F9358DA-F219-4AE8-B89C-111E55E293FB}.Release|ARM.ActiveCfg = Release|Any CPU
		{0F9358DA-F219-4AE8-B89C-111E55E293FB}.Release|ARM.Build.0 = Release|Any CPU
		{0F9358DA-F219-4AE8-B89C-111E55E293FB}.Release|iPhone.ActiveCfg = Release|Any CPU
		{0F9358DA-F219-4AE8-B89C-111E55E293FB}.Release|iPhone.Build.0 = Release|Any CPU
		{0F9358DA-F219-4AE8-B89C-111E55E293FB}.Release|iPhoneSimulator.ActiveCfg = Release|Any CPU
		{0F9358DA-F219-4AE8-B89C-111E55E293FB}.Release|iPhoneSimulator.Build.0 = Release|Any CPU
		{0F9358DA-F219-4AE8-B89C-111E55E293FB}.Release|x64.ActiveCfg = Release|Any CPU
		{0F9358DA-F219-4AE8-B89C-111E55E293FB}.Release|x64.Build.0 = Release|Any CPU
		{0F9358DA-F219-4AE8-B89C-111E55E293FB}.Release|x86.ActiveCfg = Release|Any CPU
		{0F9358DA-F219-4AE8-B89C-111E55E293FB}.Release|x86.Build.0 = Release|Any CPU
		{E9753BD5-26B5-4CEC-93FA-2E6DC898779E}.Ad-Hoc|Any CPU.ActiveCfg = Release|Any CPU
		{E9753BD5-26B5-4CEC-93FA-2E6DC898779E}.Ad-Hoc|Any CPU.Build.0 = Release|Any CPU
		{E9753BD5-26B5-4CEC-93FA-2E6DC898779E}.Ad-Hoc|Any CPU.Deploy.0 = Release|Any CPU
		{E9753BD5-26B5-4CEC-93FA-2E6DC898779E}.Ad-Hoc|ARM.ActiveCfg = Release|Any CPU
		{E9753BD5-26B5-4CEC-93FA-2E6DC898779E}.Ad-Hoc|ARM.Build.0 = Release|Any CPU
		{E9753BD5-26B5-4CEC-93FA-2E6DC898779E}.Ad-Hoc|ARM.Deploy.0 = Release|Any CPU
		{E9753BD5-26B5-4CEC-93FA-2E6DC898779E}.Ad-Hoc|iPhone.ActiveCfg = Release|Any CPU
		{E9753BD5-26B5-4CEC-93FA-2E6DC898779E}.Ad-Hoc|iPhone.Build.0 = Release|Any CPU
		{E9753BD5-26B5-4CEC-93FA-2E6DC898779E}.Ad-Hoc|iPhone.Deploy.0 = Release|Any CPU
		{E9753BD5-26B5-4CEC-93FA-2E6DC898779E}.Ad-Hoc|iPhoneSimulator.ActiveCfg = Release|Any CPU
		{E9753BD5-26B5-4CEC-93FA-2E6DC898779E}.Ad-Hoc|iPhoneSimulator.Build.0 = Release|Any CPU
		{E9753BD5-26B5-4CEC-93FA-2E6DC898779E}.Ad-Hoc|iPhoneSimulator.Deploy.0 = Release|Any CPU
		{E9753BD5-26B5-4CEC-93FA-2E6DC898779E}.Ad-Hoc|x64.ActiveCfg = Release|Any CPU
		{E9753BD5-26B5-4CEC-93FA-2E6DC898779E}.Ad-Hoc|x64.Build.0 = Release|Any CPU
		{E9753BD5-26B5-4CEC-93FA-2E6DC898779E}.Ad-Hoc|x64.Deploy.0 = Release|Any CPU
		{E9753BD5-26B5-4CEC-93FA-2E6DC898779E}.Ad-Hoc|x86.ActiveCfg = Release|Any CPU
		{E9753BD5-26B5-4CEC-93FA-2E6DC898779E}.Ad-Hoc|x86.Build.0 = Release|Any CPU
		{E9753BD5-26B5-4CEC-93FA-2E6DC898779E}.Ad-Hoc|x86.Deploy.0 = Release|Any CPU
		{E9753BD5-26B5-4CEC-93FA-2E6DC898779E}.AppStore|Any CPU.ActiveCfg = Release|Any CPU
		{E9753BD5-26B5-4CEC-93FA-2E6DC898779E}.AppStore|Any CPU.Build.0 = Release|Any CPU
		{E9753BD5-26B5-4CEC-93FA-2E6DC898779E}.AppStore|Any CPU.Deploy.0 = Release|Any CPU
		{E9753BD5-26B5-4CEC-93FA-2E6DC898779E}.AppStore|ARM.ActiveCfg = Release|Any CPU
		{E9753BD5-26B5-4CEC-93FA-2E6DC898779E}.AppStore|ARM.Build.0 = Release|Any CPU
		{E9753BD5-26B5-4CEC-93FA-2E6DC898779E}.AppStore|ARM.Deploy.0 = Release|Any CPU
		{E9753BD5-26B5-4CEC-93FA-2E6DC898779E}.AppStore|iPhone.ActiveCfg = Release|Any CPU
		{E9753BD5-26B5-4CEC-93FA-2E6DC898779E}.AppStore|iPhone.Build.0 = Release|Any CPU
		{E9753BD5-26B5-4CEC-93FA-2E6DC898779E}.AppStore|iPhone.Deploy.0 = Release|Any CPU
		{E9753BD5-26B5-4CEC-93FA-2E6DC898779E}.AppStore|iPhoneSimulator.ActiveCfg = Release|Any CPU
		{E9753BD5-26B5-4CEC-93FA-2E6DC898779E}.AppStore|iPhoneSimulator.Build.0 = Release|Any CPU
		{E9753BD5-26B5-4CEC-93FA-2E6DC898779E}.AppStore|iPhoneSimulator.Deploy.0 = Release|Any CPU
		{E9753BD5-26B5-4CEC-93FA-2E6DC898779E}.AppStore|x64.ActiveCfg = Release|Any CPU
		{E9753BD5-26B5-4CEC-93FA-2E6DC898779E}.AppStore|x64.Build.0 = Release|Any CPU
		{E9753BD5-26B5-4CEC-93FA-2E6DC898779E}.AppStore|x64.Deploy.0 = Release|Any CPU
		{E9753BD5-26B5-4CEC-93FA-2E6DC898779E}.AppStore|x86.ActiveCfg = Release|Any CPU
		{E9753BD5-26B5-4CEC-93FA-2E6DC898779E}.AppStore|x86.Build.0 = Release|Any CPU
		{E9753BD5-26B5-4CEC-93FA-2E6DC898779E}.AppStore|x86.Deploy.0 = Release|Any CPU
		{E9753BD5-26B5-4CEC-93FA-2E6DC898779E}.Debug|Any CPU.ActiveCfg = Debug|Any CPU
		{E9753BD5-26B5-4CEC-93FA-2E6DC898779E}.Debug|Any CPU.Build.0 = Debug|Any CPU
		{E9753BD5-26B5-4CEC-93FA-2E6DC898779E}.Debug|Any CPU.Deploy.0 = Debug|Any CPU
		{E9753BD5-26B5-4CEC-93FA-2E6DC898779E}.Debug|ARM.ActiveCfg = Debug|Any CPU
		{E9753BD5-26B5-4CEC-93FA-2E6DC898779E}.Debug|ARM.Build.0 = Debug|Any CPU
		{E9753BD5-26B5-4CEC-93FA-2E6DC898779E}.Debug|ARM.Deploy.0 = Debug|Any CPU
		{E9753BD5-26B5-4CEC-93FA-2E6DC898779E}.Debug|iPhone.ActiveCfg = Debug|Any CPU
		{E9753BD5-26B5-4CEC-93FA-2E6DC898779E}.Debug|iPhone.Build.0 = Debug|Any CPU
		{E9753BD5-26B5-4CEC-93FA-2E6DC898779E}.Debug|iPhone.Deploy.0 = Debug|Any CPU
		{E9753BD5-26B5-4CEC-93FA-2E6DC898779E}.Debug|iPhoneSimulator.ActiveCfg = Debug|Any CPU
		{E9753BD5-26B5-4CEC-93FA-2E6DC898779E}.Debug|iPhoneSimulator.Build.0 = Debug|Any CPU
		{E9753BD5-26B5-4CEC-93FA-2E6DC898779E}.Debug|iPhoneSimulator.Deploy.0 = Debug|Any CPU
		{E9753BD5-26B5-4CEC-93FA-2E6DC898779E}.Debug|x64.ActiveCfg = Debug|Any CPU
		{E9753BD5-26B5-4CEC-93FA-2E6DC898779E}.Debug|x64.Build.0 = Debug|Any CPU
		{E9753BD5-26B5-4CEC-93FA-2E6DC898779E}.Debug|x64.Deploy.0 = Debug|Any CPU
		{E9753BD5-26B5-4CEC-93FA-2E6DC898779E}.Debug|x86.ActiveCfg = Debug|Any CPU
		{E9753BD5-26B5-4CEC-93FA-2E6DC898779E}.Debug|x86.Build.0 = Debug|Any CPU
		{E9753BD5-26B5-4CEC-93FA-2E6DC898779E}.Debug|x86.Deploy.0 = Debug|Any CPU
		{E9753BD5-26B5-4CEC-93FA-2E6DC898779E}.Release|Any CPU.ActiveCfg = Release|Any CPU
		{E9753BD5-26B5-4CEC-93FA-2E6DC898779E}.Release|Any CPU.Build.0 = Release|Any CPU
		{E9753BD5-26B5-4CEC-93FA-2E6DC898779E}.Release|Any CPU.Deploy.0 = Release|Any CPU
		{E9753BD5-26B5-4CEC-93FA-2E6DC898779E}.Release|ARM.ActiveCfg = Release|Any CPU
		{E9753BD5-26B5-4CEC-93FA-2E6DC898779E}.Release|ARM.Build.0 = Release|Any CPU
		{E9753BD5-26B5-4CEC-93FA-2E6DC898779E}.Release|ARM.Deploy.0 = Release|Any CPU
		{E9753BD5-26B5-4CEC-93FA-2E6DC898779E}.Release|iPhone.ActiveCfg = Release|Any CPU
		{E9753BD5-26B5-4CEC-93FA-2E6DC898779E}.Release|iPhone.Build.0 = Release|Any CPU
		{E9753BD5-26B5-4CEC-93FA-2E6DC898779E}.Release|iPhone.Deploy.0 = Release|Any CPU
		{E9753BD5-26B5-4CEC-93FA-2E6DC898779E}.Release|iPhoneSimulator.ActiveCfg = Release|Any CPU
		{E9753BD5-26B5-4CEC-93FA-2E6DC898779E}.Release|iPhoneSimulator.Build.0 = Release|Any CPU
		{E9753BD5-26B5-4CEC-93FA-2E6DC898779E}.Release|iPhoneSimulator.Deploy.0 = Release|Any CPU
		{E9753BD5-26B5-4CEC-93FA-2E6DC898779E}.Release|x64.ActiveCfg = Release|Any CPU
		{E9753BD5-26B5-4CEC-93FA-2E6DC898779E}.Release|x64.Build.0 = Release|Any CPU
		{E9753BD5-26B5-4CEC-93FA-2E6DC898779E}.Release|x64.Deploy.0 = Release|Any CPU
		{E9753BD5-26B5-4CEC-93FA-2E6DC898779E}.Release|x86.ActiveCfg = Release|Any CPU
		{E9753BD5-26B5-4CEC-93FA-2E6DC898779E}.Release|x86.Build.0 = Release|Any CPU
		{E9753BD5-26B5-4CEC-93FA-2E6DC898779E}.Release|x86.Deploy.0 = Release|Any CPU
		{99D20365-2A2E-40AA-91AC-6697E7A263BC}.Ad-Hoc|Any CPU.ActiveCfg = Ad-Hoc|iPhone
		{99D20365-2A2E-40AA-91AC-6697E7A263BC}.Ad-Hoc|ARM.ActiveCfg = Ad-Hoc|iPhone
		{99D20365-2A2E-40AA-91AC-6697E7A263BC}.Ad-Hoc|iPhone.ActiveCfg = Ad-Hoc|iPhone
		{99D20365-2A2E-40AA-91AC-6697E7A263BC}.Ad-Hoc|iPhone.Build.0 = Ad-Hoc|iPhone
		{99D20365-2A2E-40AA-91AC-6697E7A263BC}.Ad-Hoc|iPhoneSimulator.ActiveCfg = Ad-Hoc|iPhoneSimulator
		{99D20365-2A2E-40AA-91AC-6697E7A263BC}.Ad-Hoc|iPhoneSimulator.Build.0 = Ad-Hoc|iPhoneSimulator
		{99D20365-2A2E-40AA-91AC-6697E7A263BC}.Ad-Hoc|x64.ActiveCfg = Ad-Hoc|iPhone
		{99D20365-2A2E-40AA-91AC-6697E7A263BC}.Ad-Hoc|x86.ActiveCfg = Ad-Hoc|iPhone
		{99D20365-2A2E-40AA-91AC-6697E7A263BC}.AppStore|Any CPU.ActiveCfg = AppStore|iPhone
		{99D20365-2A2E-40AA-91AC-6697E7A263BC}.AppStore|ARM.ActiveCfg = AppStore|iPhone
		{99D20365-2A2E-40AA-91AC-6697E7A263BC}.AppStore|iPhone.ActiveCfg = AppStore|iPhone
		{99D20365-2A2E-40AA-91AC-6697E7A263BC}.AppStore|iPhone.Build.0 = AppStore|iPhone
		{99D20365-2A2E-40AA-91AC-6697E7A263BC}.AppStore|iPhoneSimulator.ActiveCfg = AppStore|iPhoneSimulator
		{99D20365-2A2E-40AA-91AC-6697E7A263BC}.AppStore|iPhoneSimulator.Build.0 = AppStore|iPhoneSimulator
		{99D20365-2A2E-40AA-91AC-6697E7A263BC}.AppStore|x64.ActiveCfg = AppStore|iPhone
		{99D20365-2A2E-40AA-91AC-6697E7A263BC}.AppStore|x86.ActiveCfg = AppStore|iPhone
		{99D20365-2A2E-40AA-91AC-6697E7A263BC}.Debug|Any CPU.ActiveCfg = Debug|iPhone
		{99D20365-2A2E-40AA-91AC-6697E7A263BC}.Debug|ARM.ActiveCfg = Debug|iPhone
		{99D20365-2A2E-40AA-91AC-6697E7A263BC}.Debug|iPhone.ActiveCfg = Debug|iPhone
		{99D20365-2A2E-40AA-91AC-6697E7A263BC}.Debug|iPhone.Build.0 = Debug|iPhone
		{99D20365-2A2E-40AA-91AC-6697E7A263BC}.Debug|iPhoneSimulator.ActiveCfg = Debug|iPhoneSimulator
		{99D20365-2A2E-40AA-91AC-6697E7A263BC}.Debug|iPhoneSimulator.Build.0 = Debug|iPhoneSimulator
		{99D20365-2A2E-40AA-91AC-6697E7A263BC}.Debug|x64.ActiveCfg = Debug|iPhone
		{99D20365-2A2E-40AA-91AC-6697E7A263BC}.Debug|x86.ActiveCfg = Debug|iPhone
		{99D20365-2A2E-40AA-91AC-6697E7A263BC}.Release|Any CPU.ActiveCfg = Release|iPhone
		{99D20365-2A2E-40AA-91AC-6697E7A263BC}.Release|ARM.ActiveCfg = Release|iPhone
		{99D20365-2A2E-40AA-91AC-6697E7A263BC}.Release|iPhone.ActiveCfg = Release|iPhone
		{99D20365-2A2E-40AA-91AC-6697E7A263BC}.Release|iPhone.Build.0 = Release|iPhone
		{99D20365-2A2E-40AA-91AC-6697E7A263BC}.Release|iPhoneSimulator.ActiveCfg = Release|iPhoneSimulator
		{99D20365-2A2E-40AA-91AC-6697E7A263BC}.Release|iPhoneSimulator.Build.0 = Release|iPhoneSimulator
		{99D20365-2A2E-40AA-91AC-6697E7A263BC}.Release|x64.ActiveCfg = Release|iPhone
		{99D20365-2A2E-40AA-91AC-6697E7A263BC}.Release|x86.ActiveCfg = Release|iPhone
		{3C4B32F6-1E12-421E-BA60-8A9FCE6D15B3}.Ad-Hoc|Any CPU.ActiveCfg = Release|Any CPU
		{3C4B32F6-1E12-421E-BA60-8A9FCE6D15B3}.Ad-Hoc|Any CPU.Build.0 = Release|Any CPU
		{3C4B32F6-1E12-421E-BA60-8A9FCE6D15B3}.Ad-Hoc|Any CPU.Deploy.0 = Release|Any CPU
		{3C4B32F6-1E12-421E-BA60-8A9FCE6D15B3}.Ad-Hoc|ARM.ActiveCfg = Release|ARM
		{3C4B32F6-1E12-421E-BA60-8A9FCE6D15B3}.Ad-Hoc|ARM.Build.0 = Release|ARM
		{3C4B32F6-1E12-421E-BA60-8A9FCE6D15B3}.Ad-Hoc|ARM.Deploy.0 = Release|ARM
		{3C4B32F6-1E12-421E-BA60-8A9FCE6D15B3}.Ad-Hoc|iPhone.ActiveCfg = Release|Any CPU
		{3C4B32F6-1E12-421E-BA60-8A9FCE6D15B3}.Ad-Hoc|iPhone.Build.0 = Release|Any CPU
		{3C4B32F6-1E12-421E-BA60-8A9FCE6D15B3}.Ad-Hoc|iPhone.Deploy.0 = Release|Any CPU
		{3C4B32F6-1E12-421E-BA60-8A9FCE6D15B3}.Ad-Hoc|iPhoneSimulator.ActiveCfg = Release|Any CPU
		{3C4B32F6-1E12-421E-BA60-8A9FCE6D15B3}.Ad-Hoc|iPhoneSimulator.Build.0 = Release|Any CPU
		{3C4B32F6-1E12-421E-BA60-8A9FCE6D15B3}.Ad-Hoc|iPhoneSimulator.Deploy.0 = Release|Any CPU
		{3C4B32F6-1E12-421E-BA60-8A9FCE6D15B3}.Ad-Hoc|x64.ActiveCfg = Release|Any CPU
		{3C4B32F6-1E12-421E-BA60-8A9FCE6D15B3}.Ad-Hoc|x64.Build.0 = Release|Any CPU
		{3C4B32F6-1E12-421E-BA60-8A9FCE6D15B3}.Ad-Hoc|x64.Deploy.0 = Release|Any CPU
		{3C4B32F6-1E12-421E-BA60-8A9FCE6D15B3}.Ad-Hoc|x86.ActiveCfg = Release|x86
		{3C4B32F6-1E12-421E-BA60-8A9FCE6D15B3}.Ad-Hoc|x86.Build.0 = Release|x86
		{3C4B32F6-1E12-421E-BA60-8A9FCE6D15B3}.Ad-Hoc|x86.Deploy.0 = Release|x86
		{3C4B32F6-1E12-421E-BA60-8A9FCE6D15B3}.AppStore|Any CPU.ActiveCfg = Release|Any CPU
		{3C4B32F6-1E12-421E-BA60-8A9FCE6D15B3}.AppStore|Any CPU.Build.0 = Release|Any CPU
		{3C4B32F6-1E12-421E-BA60-8A9FCE6D15B3}.AppStore|Any CPU.Deploy.0 = Release|Any CPU
		{3C4B32F6-1E12-421E-BA60-8A9FCE6D15B3}.AppStore|ARM.ActiveCfg = Release|ARM
		{3C4B32F6-1E12-421E-BA60-8A9FCE6D15B3}.AppStore|ARM.Build.0 = Release|ARM
		{3C4B32F6-1E12-421E-BA60-8A9FCE6D15B3}.AppStore|ARM.Deploy.0 = Release|ARM
		{3C4B32F6-1E12-421E-BA60-8A9FCE6D15B3}.AppStore|iPhone.ActiveCfg = Release|Any CPU
		{3C4B32F6-1E12-421E-BA60-8A9FCE6D15B3}.AppStore|iPhone.Build.0 = Release|Any CPU
		{3C4B32F6-1E12-421E-BA60-8A9FCE6D15B3}.AppStore|iPhone.Deploy.0 = Release|Any CPU
		{3C4B32F6-1E12-421E-BA60-8A9FCE6D15B3}.AppStore|iPhoneSimulator.ActiveCfg = Release|Any CPU
		{3C4B32F6-1E12-421E-BA60-8A9FCE6D15B3}.AppStore|iPhoneSimulator.Build.0 = Release|Any CPU
		{3C4B32F6-1E12-421E-BA60-8A9FCE6D15B3}.AppStore|iPhoneSimulator.Deploy.0 = Release|Any CPU
		{3C4B32F6-1E12-421E-BA60-8A9FCE6D15B3}.AppStore|x64.ActiveCfg = Release|Any CPU
		{3C4B32F6-1E12-421E-BA60-8A9FCE6D15B3}.AppStore|x64.Build.0 = Release|Any CPU
		{3C4B32F6-1E12-421E-BA60-8A9FCE6D15B3}.AppStore|x64.Deploy.0 = Release|Any CPU
		{3C4B32F6-1E12-421E-BA60-8A9FCE6D15B3}.AppStore|x86.ActiveCfg = Release|x86
		{3C4B32F6-1E12-421E-BA60-8A9FCE6D15B3}.AppStore|x86.Build.0 = Release|x86
		{3C4B32F6-1E12-421E-BA60-8A9FCE6D15B3}.AppStore|x86.Deploy.0 = Release|x86
		{3C4B32F6-1E12-421E-BA60-8A9FCE6D15B3}.Debug|Any CPU.ActiveCfg = Debug|Any CPU
		{3C4B32F6-1E12-421E-BA60-8A9FCE6D15B3}.Debug|Any CPU.Build.0 = Debug|Any CPU
		{3C4B32F6-1E12-421E-BA60-8A9FCE6D15B3}.Debug|Any CPU.Deploy.0 = Debug|Any CPU
		{3C4B32F6-1E12-421E-BA60-8A9FCE6D15B3}.Debug|ARM.ActiveCfg = Debug|ARM
		{3C4B32F6-1E12-421E-BA60-8A9FCE6D15B3}.Debug|ARM.Build.0 = Debug|ARM
		{3C4B32F6-1E12-421E-BA60-8A9FCE6D15B3}.Debug|ARM.Deploy.0 = Debug|ARM
		{3C4B32F6-1E12-421E-BA60-8A9FCE6D15B3}.Debug|iPhone.ActiveCfg = Debug|Any CPU
		{3C4B32F6-1E12-421E-BA60-8A9FCE6D15B3}.Debug|iPhone.Build.0 = Debug|Any CPU
		{3C4B32F6-1E12-421E-BA60-8A9FCE6D15B3}.Debug|iPhone.Deploy.0 = Debug|Any CPU
		{3C4B32F6-1E12-421E-BA60-8A9FCE6D15B3}.Debug|iPhoneSimulator.ActiveCfg = Debug|Any CPU
		{3C4B32F6-1E12-421E-BA60-8A9FCE6D15B3}.Debug|iPhoneSimulator.Build.0 = Debug|Any CPU
		{3C4B32F6-1E12-421E-BA60-8A9FCE6D15B3}.Debug|iPhoneSimulator.Deploy.0 = Debug|Any CPU
		{3C4B32F6-1E12-421E-BA60-8A9FCE6D15B3}.Debug|x64.ActiveCfg = Debug|Any CPU
		{3C4B32F6-1E12-421E-BA60-8A9FCE6D15B3}.Debug|x64.Build.0 = Debug|Any CPU
		{3C4B32F6-1E12-421E-BA60-8A9FCE6D15B3}.Debug|x64.Deploy.0 = Debug|Any CPU
		{3C4B32F6-1E12-421E-BA60-8A9FCE6D15B3}.Debug|x86.ActiveCfg = Debug|x86
		{3C4B32F6-1E12-421E-BA60-8A9FCE6D15B3}.Debug|x86.Build.0 = Debug|x86
		{3C4B32F6-1E12-421E-BA60-8A9FCE6D15B3}.Debug|x86.Deploy.0 = Debug|x86
		{3C4B32F6-1E12-421E-BA60-8A9FCE6D15B3}.Release|Any CPU.ActiveCfg = Release|Any CPU
		{3C4B32F6-1E12-421E-BA60-8A9FCE6D15B3}.Release|Any CPU.Build.0 = Release|Any CPU
		{3C4B32F6-1E12-421E-BA60-8A9FCE6D15B3}.Release|Any CPU.Deploy.0 = Release|Any CPU
		{3C4B32F6-1E12-421E-BA60-8A9FCE6D15B3}.Release|ARM.ActiveCfg = Release|ARM
		{3C4B32F6-1E12-421E-BA60-8A9FCE6D15B3}.Release|ARM.Build.0 = Release|ARM
		{3C4B32F6-1E12-421E-BA60-8A9FCE6D15B3}.Release|ARM.Deploy.0 = Release|ARM
		{3C4B32F6-1E12-421E-BA60-8A9FCE6D15B3}.Release|iPhone.ActiveCfg = Release|Any CPU
		{3C4B32F6-1E12-421E-BA60-8A9FCE6D15B3}.Release|iPhone.Build.0 = Release|Any CPU
		{3C4B32F6-1E12-421E-BA60-8A9FCE6D15B3}.Release|iPhone.Deploy.0 = Release|Any CPU
		{3C4B32F6-1E12-421E-BA60-8A9FCE6D15B3}.Release|iPhoneSimulator.ActiveCfg = Release|Any CPU
		{3C4B32F6-1E12-421E-BA60-8A9FCE6D15B3}.Release|iPhoneSimulator.Build.0 = Release|Any CPU
		{3C4B32F6-1E12-421E-BA60-8A9FCE6D15B3}.Release|iPhoneSimulator.Deploy.0 = Release|Any CPU
		{3C4B32F6-1E12-421E-BA60-8A9FCE6D15B3}.Release|x64.ActiveCfg = Release|Any CPU
		{3C4B32F6-1E12-421E-BA60-8A9FCE6D15B3}.Release|x64.Build.0 = Release|Any CPU
		{3C4B32F6-1E12-421E-BA60-8A9FCE6D15B3}.Release|x64.Deploy.0 = Release|Any CPU
		{3C4B32F6-1E12-421E-BA60-8A9FCE6D15B3}.Release|x86.ActiveCfg = Release|x86
		{3C4B32F6-1E12-421E-BA60-8A9FCE6D15B3}.Release|x86.Build.0 = Release|x86
		{3C4B32F6-1E12-421E-BA60-8A9FCE6D15B3}.Release|x86.Deploy.0 = Release|x86
		{D4F41ADE-521F-4E2E-8BBC-1C169667BC14}.Ad-Hoc|Any CPU.ActiveCfg = Release|x86
		{D4F41ADE-521F-4E2E-8BBC-1C169667BC14}.Ad-Hoc|Any CPU.Build.0 = Release|x86
		{D4F41ADE-521F-4E2E-8BBC-1C169667BC14}.Ad-Hoc|Any CPU.Deploy.0 = Release|x86
		{D4F41ADE-521F-4E2E-8BBC-1C169667BC14}.Ad-Hoc|ARM.ActiveCfg = Release|ARM
		{D4F41ADE-521F-4E2E-8BBC-1C169667BC14}.Ad-Hoc|ARM.Build.0 = Release|ARM
		{D4F41ADE-521F-4E2E-8BBC-1C169667BC14}.Ad-Hoc|ARM.Deploy.0 = Release|ARM
		{D4F41ADE-521F-4E2E-8BBC-1C169667BC14}.Ad-Hoc|iPhone.ActiveCfg = Release|x86
		{D4F41ADE-521F-4E2E-8BBC-1C169667BC14}.Ad-Hoc|iPhone.Build.0 = Release|x86
		{D4F41ADE-521F-4E2E-8BBC-1C169667BC14}.Ad-Hoc|iPhone.Deploy.0 = Release|x86
		{D4F41ADE-521F-4E2E-8BBC-1C169667BC14}.Ad-Hoc|iPhoneSimulator.ActiveCfg = Release|x86
		{D4F41ADE-521F-4E2E-8BBC-1C169667BC14}.Ad-Hoc|iPhoneSimulator.Build.0 = Release|x86
		{D4F41ADE-521F-4E2E-8BBC-1C169667BC14}.Ad-Hoc|iPhoneSimulator.Deploy.0 = Release|x86
		{D4F41ADE-521F-4E2E-8BBC-1C169667BC14}.Ad-Hoc|x64.ActiveCfg = Release|x64
		{D4F41ADE-521F-4E2E-8BBC-1C169667BC14}.Ad-Hoc|x64.Build.0 = Release|x64
		{D4F41ADE-521F-4E2E-8BBC-1C169667BC14}.Ad-Hoc|x64.Deploy.0 = Release|x64
		{D4F41ADE-521F-4E2E-8BBC-1C169667BC14}.Ad-Hoc|x86.ActiveCfg = Release|x86
		{D4F41ADE-521F-4E2E-8BBC-1C169667BC14}.Ad-Hoc|x86.Build.0 = Release|x86
		{D4F41ADE-521F-4E2E-8BBC-1C169667BC14}.Ad-Hoc|x86.Deploy.0 = Release|x86
		{D4F41ADE-521F-4E2E-8BBC-1C169667BC14}.AppStore|Any CPU.ActiveCfg = Release|x86
		{D4F41ADE-521F-4E2E-8BBC-1C169667BC14}.AppStore|Any CPU.Build.0 = Release|x86
		{D4F41ADE-521F-4E2E-8BBC-1C169667BC14}.AppStore|Any CPU.Deploy.0 = Release|x86
		{D4F41ADE-521F-4E2E-8BBC-1C169667BC14}.AppStore|ARM.ActiveCfg = Release|ARM
		{D4F41ADE-521F-4E2E-8BBC-1C169667BC14}.AppStore|ARM.Build.0 = Release|ARM
		{D4F41ADE-521F-4E2E-8BBC-1C169667BC14}.AppStore|ARM.Deploy.0 = Release|ARM
		{D4F41ADE-521F-4E2E-8BBC-1C169667BC14}.AppStore|iPhone.ActiveCfg = Release|x86
		{D4F41ADE-521F-4E2E-8BBC-1C169667BC14}.AppStore|iPhone.Build.0 = Release|x86
		{D4F41ADE-521F-4E2E-8BBC-1C169667BC14}.AppStore|iPhone.Deploy.0 = Release|x86
		{D4F41ADE-521F-4E2E-8BBC-1C169667BC14}.AppStore|iPhoneSimulator.ActiveCfg = Release|x86
		{D4F41ADE-521F-4E2E-8BBC-1C169667BC14}.AppStore|iPhoneSimulator.Build.0 = Release|x86
		{D4F41ADE-521F-4E2E-8BBC-1C169667BC14}.AppStore|iPhoneSimulator.Deploy.0 = Release|x86
		{D4F41ADE-521F-4E2E-8BBC-1C169667BC14}.AppStore|x64.ActiveCfg = Release|x64
		{D4F41ADE-521F-4E2E-8BBC-1C169667BC14}.AppStore|x64.Build.0 = Release|x64
		{D4F41ADE-521F-4E2E-8BBC-1C169667BC14}.AppStore|x64.Deploy.0 = Release|x64
		{D4F41ADE-521F-4E2E-8BBC-1C169667BC14}.AppStore|x86.ActiveCfg = Release|x86
		{D4F41ADE-521F-4E2E-8BBC-1C169667BC14}.AppStore|x86.Build.0 = Release|x86
		{D4F41ADE-521F-4E2E-8BBC-1C169667BC14}.AppStore|x86.Deploy.0 = Release|x86
		{D4F41ADE-521F-4E2E-8BBC-1C169667BC14}.Debug|Any CPU.ActiveCfg = Debug|x86
		{D4F41ADE-521F-4E2E-8BBC-1C169667BC14}.Debug|ARM.ActiveCfg = Debug|ARM
		{D4F41ADE-521F-4E2E-8BBC-1C169667BC14}.Debug|ARM.Build.0 = Debug|ARM
		{D4F41ADE-521F-4E2E-8BBC-1C169667BC14}.Debug|ARM.Deploy.0 = Debug|ARM
		{D4F41ADE-521F-4E2E-8BBC-1C169667BC14}.Debug|iPhone.ActiveCfg = Debug|x86
		{D4F41ADE-521F-4E2E-8BBC-1C169667BC14}.Debug|iPhoneSimulator.ActiveCfg = Debug|x86
		{D4F41ADE-521F-4E2E-8BBC-1C169667BC14}.Debug|x64.ActiveCfg = Debug|x64
		{D4F41ADE-521F-4E2E-8BBC-1C169667BC14}.Debug|x64.Build.0 = Debug|x64
		{D4F41ADE-521F-4E2E-8BBC-1C169667BC14}.Debug|x64.Deploy.0 = Debug|x64
		{D4F41ADE-521F-4E2E-8BBC-1C169667BC14}.Debug|x86.ActiveCfg = Debug|x86
		{D4F41ADE-521F-4E2E-8BBC-1C169667BC14}.Debug|x86.Build.0 = Debug|x86
		{D4F41ADE-521F-4E2E-8BBC-1C169667BC14}.Debug|x86.Deploy.0 = Debug|x86
		{D4F41ADE-521F-4E2E-8BBC-1C169667BC14}.Release|Any CPU.ActiveCfg = Release|x86
		{D4F41ADE-521F-4E2E-8BBC-1C169667BC14}.Release|ARM.ActiveCfg = Release|ARM
		{D4F41ADE-521F-4E2E-8BBC-1C169667BC14}.Release|ARM.Build.0 = Release|ARM
		{D4F41ADE-521F-4E2E-8BBC-1C169667BC14}.Release|ARM.Deploy.0 = Release|ARM
		{D4F41ADE-521F-4E2E-8BBC-1C169667BC14}.Release|iPhone.ActiveCfg = Release|x86
		{D4F41ADE-521F-4E2E-8BBC-1C169667BC14}.Release|iPhoneSimulator.ActiveCfg = Release|x86
		{D4F41ADE-521F-4E2E-8BBC-1C169667BC14}.Release|x64.ActiveCfg = Release|x64
		{D4F41ADE-521F-4E2E-8BBC-1C169667BC14}.Release|x64.Build.0 = Release|x64
		{D4F41ADE-521F-4E2E-8BBC-1C169667BC14}.Release|x64.Deploy.0 = Release|x64
		{D4F41ADE-521F-4E2E-8BBC-1C169667BC14}.Release|x86.ActiveCfg = Release|x86
		{D4F41ADE-521F-4E2E-8BBC-1C169667BC14}.Release|x86.Build.0 = Release|x86
		{D4F41ADE-521F-4E2E-8BBC-1C169667BC14}.Release|x86.Deploy.0 = Release|x86
		{0D5707C4-9F12-424D-B490-66C80C734C4D}.Ad-Hoc|Any CPU.ActiveCfg = Release|Any CPU
		{0D5707C4-9F12-424D-B490-66C80C734C4D}.Ad-Hoc|Any CPU.Build.0 = Release|Any CPU
		{0D5707C4-9F12-424D-B490-66C80C734C4D}.Ad-Hoc|Any CPU.Deploy.0 = Release|Any CPU
		{0D5707C4-9F12-424D-B490-66C80C734C4D}.Ad-Hoc|ARM.ActiveCfg = Release|ARM
		{0D5707C4-9F12-424D-B490-66C80C734C4D}.Ad-Hoc|ARM.Build.0 = Release|ARM
		{0D5707C4-9F12-424D-B490-66C80C734C4D}.Ad-Hoc|ARM.Deploy.0 = Release|ARM
		{0D5707C4-9F12-424D-B490-66C80C734C4D}.Ad-Hoc|iPhone.ActiveCfg = Release|Any CPU
		{0D5707C4-9F12-424D-B490-66C80C734C4D}.Ad-Hoc|iPhone.Build.0 = Release|Any CPU
		{0D5707C4-9F12-424D-B490-66C80C734C4D}.Ad-Hoc|iPhone.Deploy.0 = Release|Any CPU
		{0D5707C4-9F12-424D-B490-66C80C734C4D}.Ad-Hoc|iPhoneSimulator.ActiveCfg = Release|Any CPU
		{0D5707C4-9F12-424D-B490-66C80C734C4D}.Ad-Hoc|iPhoneSimulator.Build.0 = Release|Any CPU
		{0D5707C4-9F12-424D-B490-66C80C734C4D}.Ad-Hoc|iPhoneSimulator.Deploy.0 = Release|Any CPU
		{0D5707C4-9F12-424D-B490-66C80C734C4D}.Ad-Hoc|x64.ActiveCfg = Release|x64
		{0D5707C4-9F12-424D-B490-66C80C734C4D}.Ad-Hoc|x64.Build.0 = Release|x64
		{0D5707C4-9F12-424D-B490-66C80C734C4D}.Ad-Hoc|x64.Deploy.0 = Release|x64
		{0D5707C4-9F12-424D-B490-66C80C734C4D}.Ad-Hoc|x86.ActiveCfg = Release|x86
		{0D5707C4-9F12-424D-B490-66C80C734C4D}.Ad-Hoc|x86.Build.0 = Release|x86
		{0D5707C4-9F12-424D-B490-66C80C734C4D}.Ad-Hoc|x86.Deploy.0 = Release|x86
		{0D5707C4-9F12-424D-B490-66C80C734C4D}.AppStore|Any CPU.ActiveCfg = Release|Any CPU
		{0D5707C4-9F12-424D-B490-66C80C734C4D}.AppStore|Any CPU.Build.0 = Release|Any CPU
		{0D5707C4-9F12-424D-B490-66C80C734C4D}.AppStore|Any CPU.Deploy.0 = Release|Any CPU
		{0D5707C4-9F12-424D-B490-66C80C734C4D}.AppStore|ARM.ActiveCfg = Release|ARM
		{0D5707C4-9F12-424D-B490-66C80C734C4D}.AppStore|ARM.Build.0 = Release|ARM
		{0D5707C4-9F12-424D-B490-66C80C734C4D}.AppStore|ARM.Deploy.0 = Release|ARM
		{0D5707C4-9F12-424D-B490-66C80C734C4D}.AppStore|iPhone.ActiveCfg = Release|Any CPU
		{0D5707C4-9F12-424D-B490-66C80C734C4D}.AppStore|iPhone.Build.0 = Release|Any CPU
		{0D5707C4-9F12-424D-B490-66C80C734C4D}.AppStore|iPhone.Deploy.0 = Release|Any CPU
		{0D5707C4-9F12-424D-B490-66C80C734C4D}.AppStore|iPhoneSimulator.ActiveCfg = Release|Any CPU
		{0D5707C4-9F12-424D-B490-66C80C734C4D}.AppStore|iPhoneSimulator.Build.0 = Release|Any CPU
		{0D5707C4-9F12-424D-B490-66C80C734C4D}.AppStore|iPhoneSimulator.Deploy.0 = Release|Any CPU
		{0D5707C4-9F12-424D-B490-66C80C734C4D}.AppStore|x64.ActiveCfg = Release|x64
		{0D5707C4-9F12-424D-B490-66C80C734C4D}.AppStore|x64.Build.0 = Release|x64
		{0D5707C4-9F12-424D-B490-66C80C734C4D}.AppStore|x64.Deploy.0 = Release|x64
		{0D5707C4-9F12-424D-B490-66C80C734C4D}.AppStore|x86.ActiveCfg = Release|x86
		{0D5707C4-9F12-424D-B490-66C80C734C4D}.AppStore|x86.Build.0 = Release|x86
		{0D5707C4-9F12-424D-B490-66C80C734C4D}.AppStore|x86.Deploy.0 = Release|x86
		{0D5707C4-9F12-424D-B490-66C80C734C4D}.Debug|Any CPU.ActiveCfg = Debug|Any CPU
		{0D5707C4-9F12-424D-B490-66C80C734C4D}.Debug|Any CPU.Build.0 = Debug|Any CPU
		{0D5707C4-9F12-424D-B490-66C80C734C4D}.Debug|Any CPU.Deploy.0 = Debug|Any CPU
		{0D5707C4-9F12-424D-B490-66C80C734C4D}.Debug|ARM.ActiveCfg = Debug|ARM
		{0D5707C4-9F12-424D-B490-66C80C734C4D}.Debug|ARM.Build.0 = Debug|ARM
		{0D5707C4-9F12-424D-B490-66C80C734C4D}.Debug|ARM.Deploy.0 = Debug|ARM
		{0D5707C4-9F12-424D-B490-66C80C734C4D}.Debug|iPhone.ActiveCfg = Debug|Any CPU
		{0D5707C4-9F12-424D-B490-66C80C734C4D}.Debug|iPhone.Build.0 = Debug|Any CPU
		{0D5707C4-9F12-424D-B490-66C80C734C4D}.Debug|iPhone.Deploy.0 = Debug|Any CPU
		{0D5707C4-9F12-424D-B490-66C80C734C4D}.Debug|iPhoneSimulator.ActiveCfg = Debug|Any CPU
		{0D5707C4-9F12-424D-B490-66C80C734C4D}.Debug|iPhoneSimulator.Build.0 = Debug|Any CPU
		{0D5707C4-9F12-424D-B490-66C80C734C4D}.Debug|iPhoneSimulator.Deploy.0 = Debug|Any CPU
		{0D5707C4-9F12-424D-B490-66C80C734C4D}.Debug|x64.ActiveCfg = Debug|x64
		{0D5707C4-9F12-424D-B490-66C80C734C4D}.Debug|x64.Build.0 = Debug|x64
		{0D5707C4-9F12-424D-B490-66C80C734C4D}.Debug|x64.Deploy.0 = Debug|x64
		{0D5707C4-9F12-424D-B490-66C80C734C4D}.Debug|x86.ActiveCfg = Debug|x86
		{0D5707C4-9F12-424D-B490-66C80C734C4D}.Debug|x86.Build.0 = Debug|x86
		{0D5707C4-9F12-424D-B490-66C80C734C4D}.Debug|x86.Deploy.0 = Debug|x86
		{0D5707C4-9F12-424D-B490-66C80C734C4D}.Release|Any CPU.ActiveCfg = Release|Any CPU
		{0D5707C4-9F12-424D-B490-66C80C734C4D}.Release|Any CPU.Build.0 = Release|Any CPU
		{0D5707C4-9F12-424D-B490-66C80C734C4D}.Release|Any CPU.Deploy.0 = Release|Any CPU
		{0D5707C4-9F12-424D-B490-66C80C734C4D}.Release|ARM.ActiveCfg = Release|ARM
		{0D5707C4-9F12-424D-B490-66C80C734C4D}.Release|ARM.Build.0 = Release|ARM
		{0D5707C4-9F12-424D-B490-66C80C734C4D}.Release|ARM.Deploy.0 = Release|ARM
		{0D5707C4-9F12-424D-B490-66C80C734C4D}.Release|iPhone.ActiveCfg = Release|Any CPU
		{0D5707C4-9F12-424D-B490-66C80C734C4D}.Release|iPhone.Build.0 = Release|Any CPU
		{0D5707C4-9F12-424D-B490-66C80C734C4D}.Release|iPhone.Deploy.0 = Release|Any CPU
		{0D5707C4-9F12-424D-B490-66C80C734C4D}.Release|iPhoneSimulator.ActiveCfg = Release|Any CPU
		{0D5707C4-9F12-424D-B490-66C80C734C4D}.Release|iPhoneSimulator.Build.0 = Release|Any CPU
		{0D5707C4-9F12-424D-B490-66C80C734C4D}.Release|iPhoneSimulator.Deploy.0 = Release|Any CPU
		{0D5707C4-9F12-424D-B490-66C80C734C4D}.Release|x64.ActiveCfg = Release|x64
		{0D5707C4-9F12-424D-B490-66C80C734C4D}.Release|x64.Build.0 = Release|x64
		{0D5707C4-9F12-424D-B490-66C80C734C4D}.Release|x64.Deploy.0 = Release|x64
		{0D5707C4-9F12-424D-B490-66C80C734C4D}.Release|x86.ActiveCfg = Release|x86
		{0D5707C4-9F12-424D-B490-66C80C734C4D}.Release|x86.Build.0 = Release|x86
		{0D5707C4-9F12-424D-B490-66C80C734C4D}.Release|x86.Deploy.0 = Release|x86
	EndGlobalSection
	GlobalSection(SolutionProperties) = preSolution
		HideSolutionNode = FALSE
	EndGlobalSection
EndGlobal
