
Microsoft Visual Studio Solution File, Format Version 12.00
# Visual Studio 2012
Project("{FAE04EC0-301F-11D3-BF4B-00C04F79EFBC}") = "alphaxf", "alphaxf\alphaxf.csproj", "{3F15A4EE-0770-4DD4-9EB6-061B21B34717}"
EndProject
Project("{FAE04EC0-301F-11D3-BF4B-00C04F79EFBC}") = "alphaxf.iOS", "iOS\alphaxf.iOS.csproj", "{25E5E857-F844-464A-925B-425F0B0D6634}"
EndProject
Project("{FAE04EC0-301F-11D3-BF4B-00C04F79EFBC}") = "alphaxf.Droid", "Droid\alphaxf.Droid.csproj", "{979BB4D2-4975-4904-BF4B-89B456932D78}"
EndProject
Global
	GlobalSection(SolutionConfigurationPlatforms) = preSolution
		Debug|Any CPU = Debug|Any CPU
		Release|Any CPU = Release|Any CPU
		Debug|iPhoneSimulator = Debug|iPhoneSimulator
		Release|iPhone = Release|iPhone
		Release|iPhoneSimulator = Release|iPhoneSimulator
		Debug|iPhone = Debug|iPhone
	EndGlobalSection
	GlobalSection(ProjectConfigurationPlatforms) = postSolution
		{3F15A4EE-0770-4DD4-9EB6-061B21B34717}.Debug|Any CPU.ActiveCfg = Debug|Any CPU
		{3F15A4EE-0770-4DD4-9EB6-061B21B34717}.Debug|Any CPU.Build.0 = Debug|Any CPU
		{3F15A4EE-0770-4DD4-9EB6-061B21B34717}.Release|Any CPU.ActiveCfg = Release|Any CPU
		{3F15A4EE-0770-4DD4-9EB6-061B21B34717}.Release|Any CPU.Build.0 = Release|Any CPU
		{3F15A4EE-0770-4DD4-9EB6-061B21B34717}.Debug|iPhoneSimulator.ActiveCfg = Debug|Any CPU
		{3F15A4EE-0770-4DD4-9EB6-061B21B34717}.Debug|iPhoneSimulator.Build.0 = Debug|Any CPU
		{3F15A4EE-0770-4DD4-9EB6-061B21B34717}.Release|iPhone.ActiveCfg = Release|Any CPU
		{3F15A4EE-0770-4DD4-9EB6-061B21B34717}.Release|iPhone.Build.0 = Release|Any CPU
		{3F15A4EE-0770-4DD4-9EB6-061B21B34717}.Release|iPhoneSimulator.ActiveCfg = Release|Any CPU
		{3F15A4EE-0770-4DD4-9EB6-061B21B34717}.Release|iPhoneSimulator.Build.0 = Release|Any CPU
		{3F15A4EE-0770-4DD4-9EB6-061B21B34717}.Debug|iPhone.ActiveCfg = Debug|Any CPU
		{3F15A4EE-0770-4DD4-9EB6-061B21B34717}.Debug|iPhone.Build.0 = Debug|Any CPU
		{25E5E857-F844-464A-925B-425F0B0D6634}.Debug|Any CPU.ActiveCfg = Debug|iPhoneSimulator
		{25E5E857-F844-464A-925B-425F0B0D6634}.Debug|Any CPU.Build.0 = Debug|iPhoneSimulator
		{25E5E857-F844-464A-925B-425F0B0D6634}.Release|Any CPU.ActiveCfg = Release|iPhone
		{25E5E857-F844-464A-925B-425F0B0D6634}.Release|Any CPU.Build.0 = Release|iPhone
		{25E5E857-F844-464A-925B-425F0B0D6634}.Debug|iPhoneSimulator.ActiveCfg = Debug|iPhoneSimulator
		{25E5E857-F844-464A-925B-425F0B0D6634}.Debug|iPhoneSimulator.Build.0 = Debug|iPhoneSimulator
		{25E5E857-F844-464A-925B-425F0B0D6634}.Release|iPhone.ActiveCfg = Release|iPhone
		{25E5E857-F844-464A-925B-425F0B0D6634}.Release|iPhone.Build.0 = Release|iPhone
		{25E5E857-F844-464A-925B-425F0B0D6634}.Release|iPhoneSimulator.ActiveCfg = Release|iPhoneSimulator
		{25E5E857-F844-464A-925B-425F0B0D6634}.Release|iPhoneSimulator.Build.0 = Release|iPhoneSimulator
		{25E5E857-F844-464A-925B-425F0B0D6634}.Debug|iPhone.ActiveCfg = Debug|iPhone
		{25E5E857-F844-464A-925B-425F0B0D6634}.Debug|iPhone.Build.0 = Debug|iPhone
		{979BB4D2-4975-4904-BF4B-89B456932D78}.Debug|Any CPU.ActiveCfg = Debug|Any CPU
		{979BB4D2-4975-4904-BF4B-89B456932D78}.Debug|Any CPU.Build.0 = Debug|Any CPU
		{979BB4D2-4975-4904-BF4B-89B456932D78}.Release|Any CPU.ActiveCfg = Release|Any CPU
		{979BB4D2-4975-4904-BF4B-89B456932D78}.Release|Any CPU.Build.0 = Release|Any CPU
		{979BB4D2-4975-4904-BF4B-89B456932D78}.Debug|iPhoneSimulator.ActiveCfg = Debug|Any CPU
		{979BB4D2-4975-4904-BF4B-89B456932D78}.Debug|iPhoneSimulator.Build.0 = Debug|Any CPU
		{979BB4D2-4975-4904-BF4B-89B456932D78}.Release|iPhone.ActiveCfg = Release|Any CPU
		{979BB4D2-4975-4904-BF4B-89B456932D78}.Release|iPhone.Build.0 = Release|Any CPU
		{979BB4D2-4975-4904-BF4B-89B456932D78}.Release|iPhoneSimulator.ActiveCfg = Release|Any CPU
		{979BB4D2-4975-4904-BF4B-89B456932D78}.Release|iPhoneSimulator.Build.0 = Release|Any CPU
		{979BB4D2-4975-4904-BF4B-89B456932D78}.Debug|iPhone.ActiveCfg = Debug|Any CPU
		{979BB4D2-4975-4904-BF4B-89B456932D78}.Debug|iPhone.Build.0 = Debug|Any CPU
	EndGlobalSection
EndGlobal
